
Microsoft Visual Studio Solution File, Format Version 12.00
# Visual Studio Version 17
VisualStudioVersion = 17.11.35312.102
MinimumVisualStudioVersion = 10.0.40219.1
Project("{FAE04EC0-301F-11D3-BF4B-00C04F79EFBC}") = "ASP_CRUD_APP", "ASP_CRUD_APP\ASP_CRUD_APP.csproj", "{FA2B7310-68A3-4D36-B9F6-5F732258E01F}"
EndProject
Global
	GlobalSection(SolutionConfigurationPlatforms) = preSolution
		Debug|Any CPU = Debug|Any CPU
		Release|Any CPU = Release|Any CPU
	EndGlobalSection
	GlobalSection(ProjectConfigurationPlatforms) = postSolution
		{FA2B7310-68A3-4D36-B9F6-5F732258E01F}.Debug|Any CPU.ActiveCfg = Debug|Any CPU
		{FA2B7310-68A3-4D36-B9F6-5F732258E01F}.Debug|Any CPU.Build.0 = Debug|Any CPU
		{FA2B7310-68A3-4D36-B9F6-5F732258E01F}.Release|Any CPU.ActiveCfg = Release|Any CPU
		{FA2B7310-68A3-4D36-B9F6-5F732258E01F}.Release|Any CPU.Build.0 = Release|Any CPU
	EndGlobalSection
	GlobalSection(SolutionProperties) = preSolution
		HideSolutionNode = FALSE
	EndGlobalSection
	GlobalSection(ExtensibilityGlobals) = postSolution
		SolutionGuid = {A8440D20-F7BB-46B2-B915-FE5AC0F6C879}
	EndGlobalSection
EndGlobal
